
Microsoft Visual Studio Solution File, Format Version 12.00
# Visual Studio 15
VisualStudioVersion = 15.0.27703.2035
MinimumVisualStudioVersion = 10.0.40219.1
Project("{FAE04EC0-301F-11D3-BF4B-00C04F79EFBC}") = "KeysWebsite-Test", "testspecflow\KeysWebsite-Test.csproj", "{2F818E1A-3165-46C5-80A8-E1DD6A5FA5FB}"
EndProject
Global
	GlobalSection(SolutionConfigurationPlatforms) = preSolution
		Debug|Any CPU = Debug|Any CPU
		Release|Any CPU = Release|Any CPU
	EndGlobalSection
	GlobalSection(ProjectConfigurationPlatforms) = postSolution
		{2F818E1A-3165-46C5-80A8-E1DD6A5FA5FB}.Debug|Any CPU.ActiveCfg = Debug|Any CPU
		{2F818E1A-3165-46C5-80A8-E1DD6A5FA5FB}.Debug|Any CPU.Build.0 = Debug|Any CPU
		{2F818E1A-3165-46C5-80A8-E1DD6A5FA5FB}.Release|Any CPU.ActiveCfg = Release|Any CPU
		{2F818E1A-3165-46C5-80A8-E1DD6A5FA5FB}.Release|Any CPU.Build.0 = Release|Any CPU
	EndGlobalSection
	GlobalSection(SolutionProperties) = preSolution
		HideSolutionNode = FALSE
	EndGlobalSection
	GlobalSection(ExtensibilityGlobals) = postSolution
		SolutionGuid = {8AA4A8F5-4E76-4309-A3A7-235CE4DA2840}
	EndGlobalSection
EndGlobal
